
Microsoft Visual Studio Solution File, Format Version 12.00
# Visual Studio 15
VisualStudioVersion = 15.0.27428.2011
MinimumVisualStudioVersion = 10.0.40219.1
Project("{FAE04EC0-301F-11D3-BF4B-00C04F79EFBC}") = "PowerPointAddIn1", "PowerPointAddIn1\PowerPointAddIn1.csproj", "{BF38B967-CDA2-44C7-B8A0-8597BFBB76FC}"
EndProject
Global
	GlobalSection(SolutionConfigurationPlatforms) = preSolution
		Debug|Any CPU = Debug|Any CPU
		Release|Any CPU = Release|Any CPU
	EndGlobalSection
	GlobalSection(ProjectConfigurationPlatforms) = postSolution
		{BF38B967-CDA2-44C7-B8A0-8597BFBB76FC}.Debug|Any CPU.ActiveCfg = Debug|Any CPU
		{BF38B967-CDA2-44C7-B8A0-8597BFBB76FC}.Debug|Any CPU.Build.0 = Debug|Any CPU
		{BF38B967-CDA2-44C7-B8A0-8597BFBB76FC}.Release|Any CPU.ActiveCfg = Release|Any CPU
		{BF38B967-CDA2-44C7-B8A0-8597BFBB76FC}.Release|Any CPU.Build.0 = Release|Any CPU
	EndGlobalSection
	GlobalSection(SolutionProperties) = preSolution
		HideSolutionNode = FALSE
	EndGlobalSection
	GlobalSection(ExtensibilityGlobals) = postSolution
		SolutionGuid = {AF4BFA26-A4CA-4AB8-A790-0FCF33A0B438}
	EndGlobalSection
EndGlobal
